
Microsoft Visual Studio Solution File, Format Version 12.00
# Visual Studio Version 17
VisualStudioVersion = 17.9.34616.47
MinimumVisualStudioVersion = 10.0.40219.1
Project("{FAE04EC0-301F-11D3-BF4B-00C04F79EFBC}") = "Öğrenci Kayıt Sistemi", "Öğrenci Kayıt Sistemi\Öğrenci Kayıt Sistemi.csproj", "{08BF7189-153D-4192-8AA8-CAB2E3509C59}"
EndProject
Global
	GlobalSection(SolutionConfigurationPlatforms) = preSolution
		Debug|Any CPU = Debug|Any CPU
		Release|Any CPU = Release|Any CPU
	EndGlobalSection
	GlobalSection(ProjectConfigurationPlatforms) = postSolution
		{08BF7189-153D-4192-8AA8-CAB2E3509C59}.Debug|Any CPU.ActiveCfg = Debug|Any CPU
		{08BF7189-153D-4192-8AA8-CAB2E3509C59}.Debug|Any CPU.Build.0 = Debug|Any CPU
		{08BF7189-153D-4192-8AA8-CAB2E3509C59}.Release|Any CPU.ActiveCfg = Release|Any CPU
		{08BF7189-153D-4192-8AA8-CAB2E3509C59}.Release|Any CPU.Build.0 = Release|Any CPU
	EndGlobalSection
	GlobalSection(SolutionProperties) = preSolution
		HideSolutionNode = FALSE
	EndGlobalSection
	GlobalSection(ExtensibilityGlobals) = postSolution
		SolutionGuid = {D691560F-FDF1-4E0F-A6DB-13982B506A15}
	EndGlobalSection
EndGlobal
